
Microsoft Visual Studio Solution File, Format Version 12.00
# Visual Studio Version 17
VisualStudioVersion = 17.8.34525.116
MinimumVisualStudioVersion = 10.0.40219.1
Project("{FAE04EC0-301F-11D3-BF4B-00C04F79EFBC}") = "ChatMulticast", "ChatMulticast\ChatMulticast.csproj", "{9B436F67-C87C-4B63-9858-4D7E3995910A}"
EndProject
Global
	GlobalSection(SolutionConfigurationPlatforms) = preSolution
		Debug|Any CPU = Debug|Any CPU
		Release|Any CPU = Release|Any CPU
	EndGlobalSection
	GlobalSection(ProjectConfigurationPlatforms) = postSolution
		{9B436F67-C87C-4B63-9858-4D7E3995910A}.Debug|Any CPU.ActiveCfg = Debug|Any CPU
		{9B436F67-C87C-4B63-9858-4D7E3995910A}.Debug|Any CPU.Build.0 = Debug|Any CPU
		{9B436F67-C87C-4B63-9858-4D7E3995910A}.Release|Any CPU.ActiveCfg = Release|Any CPU
		{9B436F67-C87C-4B63-9858-4D7E3995910A}.Release|Any CPU.Build.0 = Release|Any CPU
	EndGlobalSection
	GlobalSection(SolutionProperties) = preSolution
		HideSolutionNode = FALSE
	EndGlobalSection
	GlobalSection(ExtensibilityGlobals) = postSolution
		SolutionGuid = {2D9A699E-6956-4FBE-8883-340B0E5706AC}
	EndGlobalSection
EndGlobal
